// !$*UTF8*$!
{
	archiveVersion = 1;
	classes = {
	};
	objectVersion = 46;
	objects = {

/* Begin PBXBuildFile section */
		3C36EF621DE5BF7300B3F1B4 /* AppDelegate.swift in Sources */ = {isa = PBXBuildFile; fileRef = 3C36EF611DE5BF7300B3F1B4 /* AppDelegate.swift */; };
		3C36EF641DE5BF7300B3F1B4 /* ViewController.swift in Sources */ = {isa = PBXBuildFile; fileRef = 3C36EF631DE5BF7300B3F1B4 /* ViewController.swift */; };
		3C36EF671DE5BF7300B3F1B4 /* Main.storyboard in Resources */ = {isa = PBXBuildFile; fileRef = 3C36EF651DE5BF7300B3F1B4 /* Main.storyboard */; };
		3C36EF691DE5BF7300B3F1B4 /* Assets.xcassets in Resources */ = {isa = PBXBuildFile; fileRef = 3C36EF681DE5BF7300B3F1B4 /* Assets.xcassets */; };
		3C36EF6C1DE5BF7300B3F1B4 /* LaunchScreen.storyboard in Resources */ = {isa = PBXBuildFile; fileRef = 3C36EF6A1DE5BF7300B3F1B4 /* LaunchScreen.storyboard */; };
		3C36EF771DE5BF7300B3F1B4 /* DaumMapExampleTests.swift in Sources */ = {isa = PBXBuildFile; fileRef = 3C36EF761DE5BF7300B3F1B4 /* DaumMapExampleTests.swift */; };
		3C36EF821DE5BF7300B3F1B4 /* DaumMapExampleUITests.swift in Sources */ = {isa = PBXBuildFile; fileRef = 3C36EF811DE5BF7300B3F1B4 /* DaumMapExampleUITests.swift */; };
		3C36EFE81DE5C9D800B3F1B4 /* DaumMap.framework in Frameworks */ = {isa = PBXBuildFile; fileRef = 3C36EFCB1DE5C9D800B3F1B4 /* DaumMap.framework */; };
		3C36EFE91DE5C9D800B3F1B4 /* copyright.png in Resources */ = {isa = PBXBuildFile; fileRef = 3C36EFCD1DE5C9D800B3F1B4 /* copyright.png */; };
		3C36EFEA1DE5C9D800B3F1B4 /* daum_copyright.png in Resources */ = {isa = PBXBuildFile; fileRef = 3C36EFCE1DE5C9D800B3F1B4 /* daum_copyright.png */; };
		3C36EFEB1DE5C9D800B3F1B4 /* daum_th_line.png in Resources */ = {isa = PBXBuildFile; fileRef = 3C36EFCF1DE5C9D800B3F1B4 /* daum_th_line.png */; };
		3C36EFEC1DE5C9D800B3F1B4 /* detail_button.png in Resources */ = {isa = PBXBuildFile; fileRef = 3C36EFD01DE5C9D800B3F1B4 /* detail_button.png */; };
		3C36EFED1DE5C9D800B3F1B4 /* info_box.png in Resources */ = {isa = PBXBuildFile; fileRef = 3C36EFD11DE5C9D800B3F1B4 /* info_box.png */; };
		3C36EFEE1DE5C9D800B3F1B4 /* info_box_tail.png in Resources */ = {isa = PBXBuildFile; fileRef = 3C36EFD21DE5C9D800B3F1B4 /* info_box_tail.png */; };
		3C36EFEF1DE5C9D800B3F1B4 /* map_pin.png in Resources */ = {isa = PBXBuildFile; fileRef = 3C36EFD31DE5C9D800B3F1B4 /* map_pin.png */; };
		3C36EFF01DE5C9D800B3F1B4 /* map_pin@3x.png in Resources */ = {isa = PBXBuildFile; fileRef = 3C36EFD41DE5C9D800B3F1B4 /* map_pin@3x.png */; };
		3C36EFF11DE5C9D800B3F1B4 /* map_pin_custom.png in Resources */ = {isa = PBXBuildFile; fileRef = 3C36EFD51DE5C9D800B3F1B4 /* map_pin_custom.png */; };
		3C36EFF21DE5C9D800B3F1B4 /* map_pin_custom@3x.png in Resources */ = {isa = PBXBuildFile; fileRef = 3C36EFD61DE5C9D800B3F1B4 /* map_pin_custom@3x.png */; };
		3C36EFF31DE5C9D800B3F1B4 /* map_pin_red.png in Resources */ = {isa = PBXBuildFile; fileRef = 3C36EFD71DE5C9D800B3F1B4 /* map_pin_red.png */; };
		3C36EFF41DE5C9D800B3F1B4 /* map_pin_red@3x.png in Resources */ = {isa = PBXBuildFile; fileRef = 3C36EFD81DE5C9D800B3F1B4 /* map_pin_red@3x.png */; };
		3C36EFF51DE5C9D800B3F1B4 /* map_pin_shadow.png in Resources */ = {isa = PBXBuildFile; fileRef = 3C36EFD91DE5C9D800B3F1B4 /* map_pin_shadow.png */; };
		3C36EFF61DE5C9D800B3F1B4 /* map_pin_shadow@3x.png in Resources */ = {isa = PBXBuildFile; fileRef = 3C36EFDA1DE5C9D800B3F1B4 /* map_pin_shadow@3x.png */; };
		3C36EFF71DE5C9D800B3F1B4 /* map_pinup.png in Resources */ = {isa = PBXBuildFile; fileRef = 3C36EFDB1DE5C9D800B3F1B4 /* map_pinup.png */; };
		3C36EFF81DE5C9D800B3F1B4 /* map_pinup@3x.png in Resources */ = {isa = PBXBuildFile; fileRef = 3C36EFDC1DE5C9D800B3F1B4 /* map_pinup@3x.png */; };
		3C36EFF91DE5C9D800B3F1B4 /* map_pinup_custom.png in Resources */ = {isa = PBXBuildFile; fileRef = 3C36EFDD1DE5C9D800B3F1B4 /* map_pinup_custom.png */; };
		3C36EFFA1DE5C9D800B3F1B4 /* map_pinup_custom@3x.png in Resources */ = {isa = PBXBuildFile; fileRef = 3C36EFDE1DE5C9D800B3F1B4 /* map_pinup_custom@3x.png */; };
		3C36EFFB1DE5C9D800B3F1B4 /* map_present.png in Resources */ = {isa = PBXBuildFile; fileRef = 3C36EFDF1DE5C9D800B3F1B4 /* map_present.png */; };
		3C36EFFC1DE5C9D800B3F1B4 /* map_present_background_update.png in Resources */ = {isa = PBXBuildFile; fileRef = 3C36EFE01DE5C9D800B3F1B4 /* map_present_background_update.png */; };
		3C36EFFD1DE5C9D800B3F1B4 /* map_present_direction.png in Resources */ = {isa = PBXBuildFile; fileRef = 3C36EFE11DE5C9D800B3F1B4 /* map_present_direction.png */; };
		3C36EFFE1DE5C9D800B3F1B4 /* map_present_tracking.png in Resources */ = {isa = PBXBuildFile; fileRef = 3C36EFE21DE5C9D800B3F1B4 /* map_present_tracking.png */; };
		3C36EFFF1DE5C9D800B3F1B4 /* noimage.png in Resources */ = {isa = PBXBuildFile; fileRef = 3C36EFE31DE5C9D800B3F1B4 /* noimage.png */; };
		3C36F0001DE5C9D800B3F1B4 /* noimage256.png in Resources */ = {isa = PBXBuildFile; fileRef = 3C36EFE41DE5C9D800B3F1B4 /* noimage256.png */; };
		3C36F0011DE5C9D800B3F1B4 /* point_sprite.png in Resources */ = {isa = PBXBuildFile; fileRef = 3C36EFE51DE5C9D800B3F1B4 /* point_sprite.png */; };
		3C36F0021DE5C9D800B3F1B4 /* shadow_balloon.png in Resources */ = {isa = PBXBuildFile; fileRef = 3C36EFE61DE5C9D800B3F1B4 /* shadow_balloon.png */; };
		3C36F0031DE5C9D800B3F1B4 /* th_line.png in Resources */ = {isa = PBXBuildFile; fileRef = 3C36EFE71DE5C9D800B3F1B4 /* th_line.png */; };
		3C36F0051DE5CBDA00B3F1B4 /* OpenGLES.framework in Frameworks */ = {isa = PBXBuildFile; fileRef = 3C36F0041DE5CBDA00B3F1B4 /* OpenGLES.framework */; };
		3C36F0071DE5CBDF00B3F1B4 /* SystemConfiguration.framework in Frameworks */ = {isa = PBXBuildFile; fileRef = 3C36F0061DE5CBDF00B3F1B4 /* SystemConfiguration.framework */; };
		3C36F0091DE5CBE500B3F1B4 /* QuartzCore.framework in Frameworks */ = {isa = PBXBuildFile; fileRef = 3C36F0081DE5CBE500B3F1B4 /* QuartzCore.framework */; };
		3C36F00B1DE5CBED00B3F1B4 /* libstdc++.6.tbd in Frameworks */ = {isa = PBXBuildFile; fileRef = 3C36F00A1DE5CBED00B3F1B4 /* libstdc++.6.tbd */; };
		3C36F00D1DE5CBF400B3F1B4 /* libxml2.tbd in Frameworks */ = {isa = PBXBuildFile; fileRef = 3C36F00C1DE5CBF400B3F1B4 /* libxml2.tbd */; };
		3C36F00F1DE5CBFB00B3F1B4 /* libsqlite3.tbd in Frameworks */ = {isa = PBXBuildFile; fileRef = 3C36F00E1DE5CBFB00B3F1B4 /* libsqlite3.tbd */; };
		3C36F0111DE5CC9D00B3F1B4 /* CoreLocation.framework in Frameworks */ = {isa = PBXBuildFile; fileRef = 3C36F0101DE5CC9D00B3F1B4 /* CoreLocation.framework */; };
/* End PBXBuildFile section */

/* Begin PBXContainerItemProxy section */
		3C36EF731DE5BF7300B3F1B4 /* PBXContainerItemProxy */ = {
			isa = PBXContainerItemProxy;
			containerPortal = 3C36EF561DE5BF7200B3F1B4 /* Project object */;
			proxyType = 1;
			remoteGlobalIDString = 3C36EF5D1DE5BF7300B3F1B4;
			remoteInfo = DaumMapExample;
		};
		3C36EF7E1DE5BF7300B3F1B4 /* PBXContainerItemProxy */ = {
			isa = PBXContainerItemProxy;
			containerPortal = 3C36EF561DE5BF7200B3F1B4 /* Project object */;
			proxyType = 1;
			remoteGlobalIDString = 3C36EF5D1DE5BF7300B3F1B4;
			remoteInfo = DaumMapExample;
		};
/* End PBXContainerItemProxy section */

/* Begin PBXFileReference section */
		3C36EF5E1DE5BF7300B3F1B4 /* DaumMapExample.app */ = {isa = PBXFileReference; explicitFileType = wrapper.application; includeInIndex = 0; path = DaumMapExample.app; sourceTree = BUILT_PRODUCTS_DIR; };
		3C36EF611DE5BF7300B3F1B4 /* AppDelegate.swift */ = {isa = PBXFileReference; lastKnownFileType = sourcecode.swift; path = AppDelegate.swift; sourceTree = "<group>"; };
		3C36EF631DE5BF7300B3F1B4 /* ViewController.swift */ = {isa = PBXFileReference; lastKnownFileType = sourcecode.swift; path = ViewController.swift; sourceTree = "<group>"; };
		3C36EF661DE5BF7300B3F1B4 /* Base */ = {isa = PBXFileReference; lastKnownFileType = file.storyboard; name = Base; path = Base.lproj/Main.storyboard; sourceTree = "<group>"; };
		3C36EF681DE5BF7300B3F1B4 /* Assets.xcassets */ = {isa = PBXFileReference; lastKnownFileType = folder.assetcatalog; path = Assets.xcassets; sourceTree = "<group>"; };
		3C36EF6B1DE5BF7300B3F1B4 /* Base */ = {isa = PBXFileReference; lastKnownFileType = file.storyboard; name = Base; path = Base.lproj/LaunchScreen.storyboard; sourceTree = "<group>"; };
		3C36EF6D1DE5BF7300B3F1B4 /* Info.plist */ = {isa = PBXFileReference; lastKnownFileType = text.plist.xml; path = Info.plist; sourceTree = "<group>"; };
		3C36EF721DE5BF7300B3F1B4 /* DaumMapExampleTests.xctest */ = {isa = PBXFileReference; explicitFileType = wrapper.cfbundle; includeInIndex = 0; path = DaumMapExampleTests.xctest; sourceTree = BUILT_PRODUCTS_DIR; };
		3C36EF761DE5BF7300B3F1B4 /* DaumMapExampleTests.swift */ = {isa = PBXFileReference; lastKnownFileType = sourcecode.swift; path = DaumMapExampleTests.swift; sourceTree = "<group>"; };
		3C36EF781DE5BF7300B3F1B4 /* Info.plist */ = {isa = PBXFileReference; lastKnownFileType = text.plist.xml; path = Info.plist; sourceTree = "<group>"; };
		3C36EF7D1DE5BF7300B3F1B4 /* DaumMapExampleUITests.xctest */ = {isa = PBXFileReference; explicitFileType = wrapper.cfbundle; includeInIndex = 0; path = DaumMapExampleUITests.xctest; sourceTree = BUILT_PRODUCTS_DIR; };
		3C36EF811DE5BF7300B3F1B4 /* DaumMapExampleUITests.swift */ = {isa = PBXFileReference; lastKnownFileType = sourcecode.swift; path = DaumMapExampleUITests.swift; sourceTree = "<group>"; };
		3C36EF831DE5BF7300B3F1B4 /* Info.plist */ = {isa = PBXFileReference; lastKnownFileType = text.plist.xml; path = Info.plist; sourceTree = "<group>"; };
		3C36EFCB1DE5C9D800B3F1B4 /* DaumMap.framework */ = {isa = PBXFileReference; lastKnownFileType = wrapper.framework; path = DaumMap.framework; sourceTree = "<group>"; };
		3C36EFCD1DE5C9D800B3F1B4 /* copyright.png */ = {isa = PBXFileReference; lastKnownFileType = image.png; path = copyright.png; sourceTree = "<group>"; };
		3C36EFCE1DE5C9D800B3F1B4 /* daum_copyright.png */ = {isa = PBXFileReference; lastKnownFileType = image.png; path = daum_copyright.png; sourceTree = "<group>"; };
		3C36EFCF1DE5C9D800B3F1B4 /* daum_th_line.png */ = {isa = PBXFileReference; lastKnownFileType = image.png; path = daum_th_line.png; sourceTree = "<group>"; };
		3C36EFD01DE5C9D800B3F1B4 /* detail_button.png */ = {isa = PBXFileReference; lastKnownFileType = image.png; path = detail_button.png; sourceTree = "<group>"; };
		3C36EFD11DE5C9D800B3F1B4 /* info_box.png */ = {isa = PBXFileReference; lastKnownFileType = image.png; path = info_box.png; sourceTree = "<group>"; };
		3C36EFD21DE5C9D800B3F1B4 /* info_box_tail.png */ = {isa = PBXFileReference; lastKnownFileType = image.png; path = info_box_tail.png; sourceTree = "<group>"; };
		3C36EFD31DE5C9D800B3F1B4 /* map_pin.png */ = {isa = PBXFileReference; lastKnownFileType = image.png; path = map_pin.png; sourceTree = "<group>"; };
		3C36EFD41DE5C9D800B3F1B4 /* map_pin@3x.png */ = {isa = PBXFileReference; lastKnownFileType = image.png; path = "map_pin@3x.png"; sourceTree = "<group>"; };
		3C36EFD51DE5C9D800B3F1B4 /* map_pin_custom.png */ = {isa = PBXFileReference; lastKnownFileType = image.png; path = map_pin_custom.png; sourceTree = "<group>"; };
		3C36EFD61DE5C9D800B3F1B4 /* map_pin_custom@3x.png */ = {isa = PBXFileReference; lastKnownFileType = image.png; path = "map_pin_custom@3x.png"; sourceTree = "<group>"; };
		3C36EFD71DE5C9D800B3F1B4 /* map_pin_red.png */ = {isa = PBXFileReference; lastKnownFileType = image.png; path = map_pin_red.png; sourceTree = "<group>"; };
		3C36EFD81DE5C9D800B3F1B4 /* map_pin_red@3x.png */ = {isa = PBXFileReference; lastKnownFileType = image.png; path = "map_pin_red@3x.png"; sourceTree = "<group>"; };
		3C36EFD91DE5C9D800B3F1B4 /* map_pin_shadow.png */ = {isa = PBXFileReference; lastKnownFileType = image.png; path = map_pin_shadow.png; sourceTree = "<group>"; };
		3C36EFDA1DE5C9D800B3F1B4 /* map_pin_shadow@3x.png */ = {isa = PBXFileReference; lastKnownFileType = image.png; path = "map_pin_shadow@3x.png"; sourceTree = "<group>"; };
		3C36EFDB1DE5C9D800B3F1B4 /* map_pinup.png */ = {isa = PBXFileReference; lastKnownFileType = image.png; path = map_pinup.png; sourceTree = "<group>"; };
		3C36EFDC1DE5C9D800B3F1B4 /* map_pinup@3x.png */ = {isa = PBXFileReference; lastKnownFileType = image.png; path = "map_pinup@3x.png"; sourceTree = "<group>"; };
		3C36EFDD1DE5C9D800B3F1B4 /* map_pinup_custom.png */ = {isa = PBXFileReference; lastKnownFileType = image.png; path = map_pinup_custom.png; sourceTree = "<group>"; };
		3C36EFDE1DE5C9D800B3F1B4 /* map_pinup_custom@3x.png */ = {isa = PBXFileReference; lastKnownFileType = image.png; path = "map_pinup_custom@3x.png"; sourceTree = "<group>"; };
		3C36EFDF1DE5C9D800B3F1B4 /* map_present.png */ = {isa = PBXFileReference; lastKnownFileType = image.png; path = map_present.png; sourceTree = "<group>"; };
		3C36EFE01DE5C9D800B3F1B4 /* map_present_background_update.png */ = {isa = PBXFileReference; lastKnownFileType = image.png; path = map_present_background_update.png; sourceTree = "<group>"; };
		3C36EFE11DE5C9D800B3F1B4 /* map_present_direction.png */ = {isa = PBXFileReference; lastKnownFileType = image.png; path = map_present_direction.png; sourceTree = "<group>"; };
		3C36EFE21DE5C9D800B3F1B4 /* map_present_tracking.png */ = {isa = PBXFileReference; lastKnownFileType = image.png; path = map_present_tracking.png; sourceTree = "<group>"; };
		3C36EFE31DE5C9D800B3F1B4 /* noimage.png */ = {isa = PBXFileReference; lastKnownFileType = image.png; path = noimage.png; sourceTree = "<group>"; };
		3C36EFE41DE5C9D800B3F1B4 /* noimage256.png */ = {isa = PBXFileReference; lastKnownFileType = image.png; path = noimage256.png; sourceTree = "<group>"; };
		3C36EFE51DE5C9D800B3F1B4 /* point_sprite.png */ = {isa = PBXFileReference; lastKnownFileType = image.png; path = point_sprite.png; sourceTree = "<group>"; };
		3C36EFE61DE5C9D800B3F1B4 /* shadow_balloon.png */ = {isa = PBXFileReference; lastKnownFileType = image.png; path = shadow_balloon.png; sourceTree = "<group>"; };
		3C36EFE71DE5C9D800B3F1B4 /* th_line.png */ = {isa = PBXFileReference; lastKnownFileType = image.png; path = th_line.png; sourceTree = "<group>"; };
		3C36F0041DE5CBDA00B3F1B4 /* OpenGLES.framework */ = {isa = PBXFileReference; lastKnownFileType = wrapper.framework; name = OpenGLES.framework; path = System/Library/Frameworks/OpenGLES.framework; sourceTree = SDKROOT; };
		3C36F0061DE5CBDF00B3F1B4 /* SystemConfiguration.framework */ = {isa = PBXFileReference; lastKnownFileType = wrapper.framework; name = SystemConfiguration.framework; path = System/Library/Frameworks/SystemConfiguration.framework; sourceTree = SDKROOT; };
		3C36F0081DE5CBE500B3F1B4 /* QuartzCore.framework */ = {isa = PBXFileReference; lastKnownFileType = wrapper.framework; name = QuartzCore.framework; path = System/Library/Frameworks/QuartzCore.framework; sourceTree = SDKROOT; };
		3C36F00A1DE5CBED00B3F1B4 /* libstdc++.6.tbd */ = {isa = PBXFileReference; lastKnownFileType = "sourcecode.text-based-dylib-definition"; name = "libstdc++.6.tbd"; path = "usr/lib/libstdc++.6.tbd"; sourceTree = SDKROOT; };
		3C36F00C1DE5CBF400B3F1B4 /* libxml2.tbd */ = {isa = PBXFileReference; lastKnownFileType = "sourcecode.text-based-dylib-definition"; name = libxml2.tbd; path = usr/lib/libxml2.tbd; sourceTree = SDKROOT; };
		3C36F00E1DE5CBFB00B3F1B4 /* libsqlite3.tbd */ = {isa = PBXFileReference; lastKnownFileType = "sourcecode.text-based-dylib-definition"; name = libsqlite3.tbd; path = usr/lib/libsqlite3.tbd; sourceTree = SDKROOT; };
		3C36F0101DE5CC9D00B3F1B4 /* CoreLocation.framework */ = {isa = PBXFileReference; lastKnownFileType = wrapper.framework; name = CoreLocation.framework; path = System/Library/Frameworks/CoreLocation.framework; sourceTree = SDKROOT; };
		3C36F0121DE5CFC300B3F1B4 /* DaumMapExample-Bridging-Header.h */ = {isa = PBXFileReference; lastKnownFileType = sourcecode.c.h; path = "DaumMapExample-Bridging-Header.h"; sourceTree = "<group>"; };
/* End PBXFileReference section */

/* Begin PBXFrameworksBuildPhase section */
		3C36EF5B1DE5BF7300B3F1B4 /* Frameworks */ = {
			isa = PBXFrameworksBuildPhase;
			buildActionMask = 2147483647;
			files = (
				3C36F0111DE5CC9D00B3F1B4 /* CoreLocation.framework in Frameworks */,
				3C36F00F1DE5CBFB00B3F1B4 /* libsqlite3.tbd in Frameworks */,
				3C36F00D1DE5CBF400B3F1B4 /* libxml2.tbd in Frameworks */,
				3C36F00B1DE5CBED00B3F1B4 /* libstdc++.6.tbd in Frameworks */,
				3C36F0091DE5CBE500B3F1B4 /* QuartzCore.framework in Frameworks */,
				3C36F0071DE5CBDF00B3F1B4 /* SystemConfiguration.framework in Frameworks */,
				3C36F0051DE5CBDA00B3F1B4 /* OpenGLES.framework in Frameworks */,
				3C36EFE81DE5C9D800B3F1B4 /* DaumMap.framework in Frameworks */,
			);
			runOnlyForDeploymentPostprocessing = 0;
		};
		3C36EF6F1DE5BF7300B3F1B4 /* Frameworks */ = {
			isa = PBXFrameworksBuildPhase;
			buildActionMask = 2147483647;
			files = (
			);
			runOnlyForDeploymentPostprocessing = 0;
		};
		3C36EF7A1DE5BF7300B3F1B4 /* Frameworks */ = {
			isa = PBXFrameworksBuildPhase;
			buildActionMask = 2147483647;
			files = (
			);
			runOnlyForDeploymentPostprocessing = 0;
		};
/* End PBXFrameworksBuildPhase section */

/* Begin PBXGroup section */
		3C36EF551DE5BF7200B3F1B4 = {
			isa = PBXGroup;
			children = (
				3C36EF601DE5BF7300B3F1B4 /* DaumMapExample */,
				3C36EF751DE5BF7300B3F1B4 /* DaumMapExampleTests */,
				3C36EF801DE5BF7300B3F1B4 /* DaumMapExampleUITests */,
				3C36EF5F1DE5BF7300B3F1B4 /* Products */,
				3C36EFC91DE5C97000B3F1B4 /* Frameworks */,
			);
			sourceTree = "<group>";
		};
		3C36EF5F1DE5BF7300B3F1B4 /* Products */ = {
			isa = PBXGroup;
			children = (
				3C36EF5E1DE5BF7300B3F1B4 /* DaumMapExample.app */,
				3C36EF721DE5BF7300B3F1B4 /* DaumMapExampleTests.xctest */,
				3C36EF7D1DE5BF7300B3F1B4 /* DaumMapExampleUITests.xctest */,
			);
			name = Products;
			sourceTree = "<group>";
		};
		3C36EF601DE5BF7300B3F1B4 /* DaumMapExample */ = {
			isa = PBXGroup;
			children = (
				3C36EF611DE5BF7300B3F1B4 /* AppDelegate.swift */,
				3C36EF631DE5BF7300B3F1B4 /* ViewController.swift */,
				3C36EF651DE5BF7300B3F1B4 /* Main.storyboard */,
				3C36EF681DE5BF7300B3F1B4 /* Assets.xcassets */,
				3C36EF6A1DE5BF7300B3F1B4 /* LaunchScreen.storyboard */,
				3C36EF6D1DE5BF7300B3F1B4 /* Info.plist */,
				3C36F0121DE5CFC300B3F1B4 /* DaumMapExample-Bridging-Header.h */,
			);
			path = DaumMapExample;
			sourceTree = "<group>";
		};
		3C36EF751DE5BF7300B3F1B4 /* DaumMapExampleTests */ = {
			isa = PBXGroup;
			children = (
				3C36EF761DE5BF7300B3F1B4 /* DaumMapExampleTests.swift */,
				3C36EF781DE5BF7300B3F1B4 /* Info.plist */,
			);
			path = DaumMapExampleTests;
			sourceTree = "<group>";
		};
		3C36EF801DE5BF7300B3F1B4 /* DaumMapExampleUITests */ = {
			isa = PBXGroup;
			children = (
				3C36EF811DE5BF7300B3F1B4 /* DaumMapExampleUITests.swift */,
				3C36EF831DE5BF7300B3F1B4 /* Info.plist */,
			);
			path = DaumMapExampleUITests;
			sourceTree = "<group>";
		};
		3C36EFC91DE5C97000B3F1B4 /* Frameworks */ = {
			isa = PBXGroup;
			children = (
				3C36F0101DE5CC9D00B3F1B4 /* CoreLocation.framework */,
				3C36F00E1DE5CBFB00B3F1B4 /* libsqlite3.tbd */,
				3C36F00C1DE5CBF400B3F1B4 /* libxml2.tbd */,
				3C36F00A1DE5CBED00B3F1B4 /* libstdc++.6.tbd */,
				3C36F0081DE5CBE500B3F1B4 /* QuartzCore.framework */,
				3C36F0061DE5CBDF00B3F1B4 /* SystemConfiguration.framework */,
				3C36F0041DE5CBDA00B3F1B4 /* OpenGLES.framework */,
				3C36EFCA1DE5C9D800B3F1B4 /* DaumMap.embeddedframework */,
			);
			name = Frameworks;
			sourceTree = "<group>";
		};
		3C36EFCA1DE5C9D800B3F1B4 /* DaumMap.embeddedframework */ = {
			isa = PBXGroup;
			children = (
				3C36EFCB1DE5C9D800B3F1B4 /* DaumMap.framework */,
				3C36EFCC1DE5C9D800B3F1B4 /* Resources */,
			);
			path = DaumMap.embeddedframework;
			sourceTree = "<group>";
		};
		3C36EFCC1DE5C9D800B3F1B4 /* Resources */ = {
			isa = PBXGroup;
			children = (
				3C36EFCD1DE5C9D800B3F1B4 /* copyright.png */,
				3C36EFCE1DE5C9D800B3F1B4 /* daum_copyright.png */,
				3C36EFCF1DE5C9D800B3F1B4 /* daum_th_line.png */,
				3C36EFD01DE5C9D800B3F1B4 /* detail_button.png */,
				3C36EFD11DE5C9D800B3F1B4 /* info_box.png */,
				3C36EFD21DE5C9D800B3F1B4 /* info_box_tail.png */,
				3C36EFD31DE5C9D800B3F1B4 /* map_pin.png */,
				3C36EFD41DE5C9D800B3F1B4 /* map_pin@3x.png */,
				3C36EFD51DE5C9D800B3F1B4 /* map_pin_custom.png */,
				3C36EFD61DE5C9D800B3F1B4 /* map_pin_custom@3x.png */,
				3C36EFD71DE5C9D800B3F1B4 /* map_pin_red.png */,
				3C36EFD81DE5C9D800B3F1B4 /* map_pin_red@3x.png */,
				3C36EFD91DE5C9D800B3F1B4 /* map_pin_shadow.png */,
				3C36EFDA1DE5C9D800B3F1B4 /* map_pin_shadow@3x.png */,
				3C36EFDB1DE5C9D800B3F1B4 /* map_pinup.png */,
				3C36EFDC1DE5C9D800B3F1B4 /* map_pinup@3x.png */,
				3C36EFDD1DE5C9D800B3F1B4 /* map_pinup_custom.png */,
				3C36EFDE1DE5C9D800B3F1B4 /* map_pinup_custom@3x.png */,
				3C36EFDF1DE5C9D800B3F1B4 /* map_present.png */,
				3C36EFE01DE5C9D800B3F1B4 /* map_present_background_update.png */,
				3C36EFE11DE5C9D800B3F1B4 /* map_present_direction.png */,
				3C36EFE21DE5C9D800B3F1B4 /* map_present_tracking.png */,
				3C36EFE31DE5C9D800B3F1B4 /* noimage.png */,
				3C36EFE41DE5C9D800B3F1B4 /* noimage256.png */,
				3C36EFE51DE5C9D800B3F1B4 /* point_sprite.png */,
				3C36EFE61DE5C9D800B3F1B4 /* shadow_balloon.png */,
				3C36EFE71DE5C9D800B3F1B4 /* th_line.png */,
			);
			path = Resources;
			sourceTree = "<group>";
		};
/* End PBXGroup section */

/* Begin PBXNativeTarget section */
		3C36EF5D1DE5BF7300B3F1B4 /* DaumMapExample */ = {
			isa = PBXNativeTarget;
			buildConfigurationList = 3C36EF861DE5BF7300B3F1B4 /* Build configuration list for PBXNativeTarget "DaumMapExample" */;
			buildPhases = (
				3C36EF5A1DE5BF7300B3F1B4 /* Sources */,
				3C36EF5B1DE5BF7300B3F1B4 /* Frameworks */,
				3C36EF5C1DE5BF7300B3F1B4 /* Resources */,
			);
			buildRules = (
			);
			dependencies = (
			);
			name = DaumMapExample;
			productName = DaumMapExample;
			productReference = 3C36EF5E1DE5BF7300B3F1B4 /* DaumMapExample.app */;
			productType = "com.apple.product-type.application";
		};
		3C36EF711DE5BF7300B3F1B4 /* DaumMapExampleTests */ = {
			isa = PBXNativeTarget;
			buildConfigurationList = 3C36EF891DE5BF7300B3F1B4 /* Build configuration list for PBXNativeTarget "DaumMapExampleTests" */;
			buildPhases = (
				3C36EF6E1DE5BF7300B3F1B4 /* Sources */,
				3C36EF6F1DE5BF7300B3F1B4 /* Frameworks */,
				3C36EF701DE5BF7300B3F1B4 /* Resources */,
			);
			buildRules = (
			);
			dependencies = (
				3C36EF741DE5BF7300B3F1B4 /* PBXTargetDependency */,
			);
			name = DaumMapExampleTests;
			productName = DaumMapExampleTests;
			productReference = 3C36EF721DE5BF7300B3F1B4 /* DaumMapExampleTests.xctest */;
			productType = "com.apple.product-type.bundle.unit-test";
		};
		3C36EF7C1DE5BF7300B3F1B4 /* DaumMapExampleUITests */ = {
			isa = PBXNativeTarget;
			buildConfigurationList = 3C36EF8C1DE5BF7300B3F1B4 /* Build configuration list for PBXNativeTarget "DaumMapExampleUITests" */;
			buildPhases = (
				3C36EF791DE5BF7300B3F1B4 /* Sources */,
				3C36EF7A1DE5BF7300B3F1B4 /* Frameworks */,
				3C36EF7B1DE5BF7300B3F1B4 /* Resources */,
			);
			buildRules = (
			);
			dependencies = (
				3C36EF7F1DE5BF7300B3F1B4 /* PBXTargetDependency */,
			);
			name = DaumMapExampleUITests;
			productName = DaumMapExampleUITests;
			productReference = 3C36EF7D1DE5BF7300B3F1B4 /* DaumMapExampleUITests.xctest */;
			productType = "com.apple.product-type.bundle.ui-testing";
		};
/* End PBXNativeTarget section */

/* Begin PBXProject section */
		3C36EF561DE5BF7200B3F1B4 /* Project object */ = {
			isa = PBXProject;
			attributes = {
				LastSwiftUpdateCheck = 0810;
				LastUpgradeCheck = 0810;
				ORGANIZATIONNAME = "이규진";
				TargetAttributes = {
					3C36EF5D1DE5BF7300B3F1B4 = {
						CreatedOnToolsVersion = 8.1;
						LastSwiftMigration = 0810;
						ProvisioningStyle = Automatic;
					};
					3C36EF711DE5BF7300B3F1B4 = {
						CreatedOnToolsVersion = 8.1;
						ProvisioningStyle = Automatic;
						TestTargetID = 3C36EF5D1DE5BF7300B3F1B4;
					};
					3C36EF7C1DE5BF7300B3F1B4 = {
						CreatedOnToolsVersion = 8.1;
						ProvisioningStyle = Automatic;
						TestTargetID = 3C36EF5D1DE5BF7300B3F1B4;
					};
				};
			};
			buildConfigurationList = 3C36EF591DE5BF7200B3F1B4 /* Build configuration list for PBXProject "DaumMapExample" */;
			compatibilityVersion = "Xcode 3.2";
			developmentRegion = English;
			hasScannedForEncodings = 0;
			knownRegions = (
				en,
				Base,
			);
			mainGroup = 3C36EF551DE5BF7200B3F1B4;
			productRefGroup = 3C36EF5F1DE5BF7300B3F1B4 /* Products */;
			projectDirPath = "";
			projectRoot = "";
			targets = (
				3C36EF5D1DE5BF7300B3F1B4 /* DaumMapExample */,
				3C36EF711DE5BF7300B3F1B4 /* DaumMapExampleTests */,
				3C36EF7C1DE5BF7300B3F1B4 /* DaumMapExampleUITests */,
			);
		};
/* End PBXProject section */

/* Begin PBXResourcesBuildPhase section */
		3C36EF5C1DE5BF7300B3F1B4 /* Resources */ = {
			isa = PBXResourcesBuildPhase;
			buildActionMask = 2147483647;
			files = (
				3C36EFEE1DE5C9D800B3F1B4 /* info_box_tail.png in Resources */,
				3C36EFFE1DE5C9D800B3F1B4 /* map_present_tracking.png in Resources */,
				3C36EFEA1DE5C9D800B3F1B4 /* daum_copyright.png in Resources */,
				3C36EFEF1DE5C9D800B3F1B4 /* map_pin.png in Resources */,
				3C36EFF41DE5C9D800B3F1B4 /* map_pin_red@3x.png in Resources */,
				3C36EF6C1DE5BF7300B3F1B4 /* LaunchScreen.storyboard in Resources */,
				3C36EFFC1DE5C9D800B3F1B4 /* map_present_background_update.png in Resources */,
				3C36F0001DE5C9D800B3F1B4 /* noimage256.png in Resources */,
				3C36EFEB1DE5C9D800B3F1B4 /* daum_th_line.png in Resources */,
				3C36EFED1DE5C9D800B3F1B4 /* info_box.png in Resources */,
				3C36EFFA1DE5C9D800B3F1B4 /* map_pinup_custom@3x.png in Resources */,
				3C36F0031DE5C9D800B3F1B4 /* th_line.png in Resources */,
				3C36EFF31DE5C9D800B3F1B4 /* map_pin_red.png in Resources */,
				3C36EFE91DE5C9D800B3F1B4 /* copyright.png in Resources */,
				3C36EFEC1DE5C9D800B3F1B4 /* detail_button.png in Resources */,
				3C36EFF91DE5C9D800B3F1B4 /* map_pinup_custom.png in Resources */,
				3C36EFF01DE5C9D800B3F1B4 /* map_pin@3x.png in Resources */,
				3C36F0021DE5C9D800B3F1B4 /* shadow_balloon.png in Resources */,
				3C36EFF61DE5C9D800B3F1B4 /* map_pin_shadow@3x.png in Resources */,
				3C36EFF81DE5C9D800B3F1B4 /* map_pinup@3x.png in Resources */,
				3C36EFF21DE5C9D800B3F1B4 /* map_pin_custom@3x.png in Resources */,
				3C36EF691DE5BF7300B3F1B4 /* Assets.xcassets in Resources */,
				3C36EFFD1DE5C9D800B3F1B4 /* map_present_direction.png in Resources */,
				3C36EF671DE5BF7300B3F1B4 /* Main.storyboard in Resources */,
				3C36EFF51DE5C9D800B3F1B4 /* map_pin_shadow.png in Resources */,
				3C36EFFF1DE5C9D800B3F1B4 /* noimage.png in Resources */,
				3C36EFF11DE5C9D800B3F1B4 /* map_pin_custom.png in Resources */,
				3C36EFFB1DE5C9D800B3F1B4 /* map_present.png in Resources */,
				3C36EFF71DE5C9D800B3F1B4 /* map_pinup.png in Resources */,
				3C36F0011DE5C9D800B3F1B4 /* point_sprite.png in Resources */,
			);
			runOnlyForDeploymentPostprocessing = 0;
		};
		3C36EF701DE5BF7300B3F1B4 /* Resources */ = {
			isa = PBXResourcesBuildPhase;
			buildActionMask = 2147483647;
			files = (
			);
			runOnlyForDeploymentPostprocessing = 0;
		};
		3C36EF7B1DE5BF7300B3F1B4 /* Resources */ = {
			isa = PBXResourcesBuildPhase;
			buildActionMask = 2147483647;
			files = (
			);
			runOnlyForDeploymentPostprocessing = 0;
		};
/* End PBXResourcesBuildPhase section */

/* Begin PBXSourcesBuildPhase section */
		3C36EF5A1DE5BF7300B3F1B4 /* Sources */ = {
			isa = PBXSourcesBuildPhase;
			buildActionMask = 2147483647;
			files = (
				3C36EF641DE5BF7300B3F1B4 /* ViewController.swift in Sources */,
				3C36EF621DE5BF7300B3F1B4 /* AppDelegate.swift in Sources */,
			);
			runOnlyForDeploymentPostprocessing = 0;
		};
		3C36EF6E1DE5BF7300B3F1B4 /* Sources */ = {
			isa = PBXSourcesBuildPhase;
			buildActionMask = 2147483647;
			files = (
				3C36EF771DE5BF7300B3F1B4 /* DaumMapExampleTests.swift in Sources */,
			);
			runOnlyForDeploymentPostprocessing = 0;
		};
		3C36EF791DE5BF7300B3F1B4 /* Sources */ = {
			isa = PBXSourcesBuildPhase;
			buildActionMask = 2147483647;
			files = (
				3C36EF821DE5BF7300B3F1B4 /* DaumMapExampleUITests.swift in Sources */,
			);
			runOnlyForDeploymentPostprocessing = 0;
		};
/* End PBXSourcesBuildPhase section */

/* Begin PBXTargetDependency section */
		3C36EF741DE5BF7300B3F1B4 /* PBXTargetDependency */ = {
			isa = PBXTargetDependency;
			target = 3C36EF5D1DE5BF7300B3F1B4 /* DaumMapExample */;
			targetProxy = 3C36EF731DE5BF7300B3F1B4 /* PBXContainerItemProxy */;
		};
		3C36EF7F1DE5BF7300B3F1B4 /* PBXTargetDependency */ = {
			isa = PBXTargetDependency;
			target = 3C36EF5D1DE5BF7300B3F1B4 /* DaumMapExample */;
			targetProxy = 3C36EF7E1DE5BF7300B3F1B4 /* PBXContainerItemProxy */;
		};
/* End PBXTargetDependency section */

/* Begin PBXVariantGroup section */
		3C36EF651DE5BF7300B3F1B4 /* Main.storyboard */ = {
			isa = PBXVariantGroup;
			children = (
				3C36EF661DE5BF7300B3F1B4 /* Base */,
			);
			name = Main.storyboard;
			sourceTree = "<group>";
		};
		3C36EF6A1DE5BF7300B3F1B4 /* LaunchScreen.storyboard */ = {
			isa = PBXVariantGroup;
			children = (
				3C36EF6B1DE5BF7300B3F1B4 /* Base */,
			);
			name = LaunchScreen.storyboard;
			sourceTree = "<group>";
		};
/* End PBXVariantGroup section */

/* Begin XCBuildConfiguration section */
		3C36EF841DE5BF7300B3F1B4 /* Debug */ = {
			isa = XCBuildConfiguration;
			buildSettings = {
				ALWAYS_SEARCH_USER_PATHS = NO;
				CLANG_ANALYZER_NONNULL = YES;
				CLANG_CXX_LANGUAGE_STANDARD = "gnu++0x";
				CLANG_CXX_LIBRARY = "libc++";
				CLANG_ENABLE_MODULES = YES;
				CLANG_ENABLE_OBJC_ARC = NO;
				CLANG_WARN_BOOL_CONVERSION = YES;
				CLANG_WARN_CONSTANT_CONVERSION = YES;
				CLANG_WARN_DIRECT_OBJC_ISA_USAGE = YES_ERROR;
				CLANG_WARN_DOCUMENTATION_COMMENTS = YES;
				CLANG_WARN_EMPTY_BODY = YES;
				CLANG_WARN_ENUM_CONVERSION = YES;
				CLANG_WARN_INFINITE_RECURSION = YES;
				CLANG_WARN_INT_CONVERSION = YES;
				CLANG_WARN_OBJC_ROOT_CLASS = YES_ERROR;
				CLANG_WARN_SUSPICIOUS_MOVES = YES;
				CLANG_WARN_UNREACHABLE_CODE = YES;
				CLANG_WARN__DUPLICATE_METHOD_MATCH = YES;
				"CODE_SIGN_IDENTITY[sdk=iphoneos*]" = "iPhone Developer";
				COPY_PHASE_STRIP = NO;
				DEBUG_INFORMATION_FORMAT = dwarf;
				ENABLE_STRICT_OBJC_MSGSEND = YES;
				ENABLE_TESTABILITY = YES;
				GCC_C_LANGUAGE_STANDARD = gnu99;
				GCC_DYNAMIC_NO_PIC = NO;
				GCC_NO_COMMON_BLOCKS = YES;
				GCC_OPTIMIZATION_LEVEL = 0;
				GCC_PREPROCESSOR_DEFINITIONS = (
					"DEBUG=1",
					"$(inherited)",
				);
				GCC_WARN_64_TO_32_BIT_CONVERSION = YES;
				GCC_WARN_ABOUT_RETURN_TYPE = YES_ERROR;
				GCC_WARN_UNDECLARED_SELECTOR = YES;
				GCC_WARN_UNINITIALIZED_AUTOS = YES_AGGRESSIVE;
				GCC_WARN_UNUSED_FUNCTION = YES;
				GCC_WARN_UNUSED_VARIABLE = YES;
				IPHONEOS_DEPLOYMENT_TARGET = 10.1;
				MTL_ENABLE_DEBUG_INFO = YES;
				ONLY_ACTIVE_ARCH = YES;
				SDKROOT = iphoneos;
				SWIFT_ACTIVE_COMPILATION_CONDITIONS = DEBUG;
				SWIFT_OPTIMIZATION_LEVEL = "-Onone";
				TARGETED_DEVICE_FAMILY = "1,2";
			};
			name = Debug;
		};
		3C36EF851DE5BF7300B3F1B4 /* Release */ = {
			isa = XCBuildConfiguration;
			buildSettings = {
				ALWAYS_SEARCH_USER_PATHS = NO;
				CLANG_ANALYZER_NONNULL = YES;
				CLANG_CXX_LANGUAGE_STANDARD = "gnu++0x";
				CLANG_CXX_LIBRARY = "libc++";
				CLANG_ENABLE_MODULES = YES;
				CLANG_ENABLE_OBJC_ARC = NO;
				CLANG_WARN_BOOL_CONVERSION = YES;
				CLANG_WARN_CONSTANT_CONVERSION = YES;
				CLANG_WARN_DIRECT_OBJC_ISA_USAGE = YES_ERROR;
				CLANG_WARN_DOCUMENTATION_COMMENTS = YES;
				CLANG_WARN_EMPTY_BODY = YES;
				CLANG_WARN_ENUM_CONVERSION = YES;
				CLANG_WARN_INFINITE_RECURSION = YES;
				CLANG_WARN_INT_CONVERSION = YES;
				CLANG_WARN_OBJC_ROOT_CLASS = YES_ERROR;
				CLANG_WARN_SUSPICIOUS_MOVES = YES;
				CLANG_WARN_UNREACHABLE_CODE = YES;
				CLANG_WARN__DUPLICATE_METHOD_MATCH = YES;
				"CODE_SIGN_IDENTITY[sdk=iphoneos*]" = "iPhone Developer";
				COPY_PHASE_STRIP = NO;
				DEBUG_INFORMATION_FORMAT = "dwarf-with-dsym";
				ENABLE_NS_ASSERTIONS = NO;
				ENABLE_STRICT_OBJC_MSGSEND = YES;
				GCC_C_LANGUAGE_STANDARD = gnu99;
				GCC_NO_COMMON_BLOCKS = YES;
				GCC_WARN_64_TO_32_BIT_CONVERSION = YES;
				GCC_WARN_ABOUT_RETURN_TYPE = YES_ERROR;
				GCC_WARN_UNDECLARED_SELECTOR = YES;
				GCC_WARN_UNINITIALIZED_AUTOS = YES_AGGRESSIVE;
				GCC_WARN_UNUSED_FUNCTION = YES;
				GCC_WARN_UNUSED_VARIABLE = YES;
				IPHONEOS_DEPLOYMENT_TARGET = 10.1;
				MTL_ENABLE_DEBUG_INFO = NO;
				SDKROOT = iphoneos;
				SWIFT_OPTIMIZATION_LEVEL = "-Owholemodule";
				TARGETED_DEVICE_FAMILY = "1,2";
				VALIDATE_PRODUCT = YES;
			};
			name = Release;
		};
		3C36EF871DE5BF7300B3F1B4 /* Debug */ = {
			isa = XCBuildConfiguration;
			buildSettings = {
				ASSETCATALOG_COMPILER_APPICON_NAME = AppIcon;
				CLANG_ENABLE_MODULES = YES;
				FRAMEWORK_SEARCH_PATHS = (
					"$(inherited)",
					"$(PROJECT_DIR)/DaumMap.embeddedframework",
				);
				INFOPLIST_FILE = DaumMapExample/Info.plist;
				LD_RUNPATH_SEARCH_PATHS = "$(inherited) @executable_path/Frameworks";
				PRODUCT_BUNDLE_IDENTIFIER = com.amanida.DaumMapExample;
				PRODUCT_NAME = "$(TARGET_NAME)";
				SWIFT_OBJC_BRIDGING_HEADER = "DaumMapExample/DaumMapExample-Bridging-Header.h";
				SWIFT_OPTIMIZATION_LEVEL = "-Onone";
				SWIFT_VERSION = 3.0;
			};
			name = Debug;
		};
		3C36EF881DE5BF7300B3F1B4 /* Release */ = {
			isa = XCBuildConfiguration;
			buildSettings = {
				ASSETCATALOG_COMPILER_APPICON_NAME = AppIcon;
				CLANG_ENABLE_MODULES = YES;
				FRAMEWORK_SEARCH_PATHS = (
					"$(inherited)",
					"$(PROJECT_DIR)/DaumMap.embeddedframework",
				);
				INFOPLIST_FILE = DaumMapExample/Info.plist;
				LD_RUNPATH_SEARCH_PATHS = "$(inherited) @executable_path/Frameworks";
				PRODUCT_BUNDLE_IDENTIFIER = com.amanida.DaumMapExample;
				PRODUCT_NAME = "$(TARGET_NAME)";
				SWIFT_OBJC_BRIDGING_HEADER = "DaumMapExample/DaumMapExample-Bridging-Header.h";
				SWIFT_VERSION = 3.0;
			};
			name = Release;
		};
		3C36EF8A1DE5BF7300B3F1B4 /* Debug */ = {
			isa = XCBuildConfiguration;
			buildSettings = {
				ALWAYS_EMBED_SWIFT_STANDARD_LIBRARIES = YES;
				BUNDLE_LOADER = "$(TEST_HOST)";
				INFOPLIST_FILE = DaumMapExampleTests/Info.plist;
				LD_RUNPATH_SEARCH_PATHS = "$(inherited) @executable_path/Frameworks @loader_path/Frameworks";
				PRODUCT_BUNDLE_IDENTIFIER = com.amanida.DaumMapExampleTests;
				PRODUCT_NAME = "$(TARGET_NAME)";
				SWIFT_VERSION = 3.0;
				TEST_HOST = "$(BUILT_PRODUCTS_DIR)/DaumMapExample.app/DaumMapExample";
			};
			name = Debug;
		};
		3C36EF8B1DE5BF7300B3F1B4 /* Release */ = {
			isa = XCBuildConfiguration;
			buildSettings = {
				ALWAYS_EMBED_SWIFT_STANDARD_LIBRARIES = YES;
				BUNDLE_LOADER = "$(TEST_HOST)";
				INFOPLIST_FILE = DaumMapExampleTests/Info.plist;
				LD_RUNPATH_SEARCH_PATHS = "$(inherited) @executable_path/Frameworks @loader_path/Frameworks";
				PRODUCT_BUNDLE_IDENTIFIER = com.amanida.DaumMapExampleTests;
				PRODUCT_NAME = "$(TARGET_NAME)";
				SWIFT_VERSION = 3.0;
				TEST_HOST = "$(BUILT_PRODUCTS_DIR)/DaumMapExample.app/DaumMapExample";
			};
			name = Release;
		};
		3C36EF8D1DE5BF7300B3F1B4 /* Debug */ = {
			isa = XCBuildConfiguration;
			buildSettings = {
				ALWAYS_EMBED_SWIFT_STANDARD_LIBRARIES = YES;
				INFOPLIST_FILE = DaumMapExampleUITests/Info.plist;
				LD_RUNPATH_SEARCH_PATHS = "$(inherited) @executable_path/Frameworks @loader_path/Frameworks";
				PRODUCT_BUNDLE_IDENTIFIER = com.amanida.DaumMapExampleUITests;
				PRODUCT_NAME = "$(TARGET_NAME)";
				SWIFT_VERSION = 3.0;
				TEST_TARGET_NAME = DaumMapExample;
			};
			name = Debug;
		};
		3C36EF8E1DE5BF7300B3F1B4 /* Release */ = {
			isa = XCBuildConfiguration;
			buildSettings = {
				ALWAYS_EMBED_SWIFT_STANDARD_LIBRARIES = YES;
				INFOPLIST_FILE = DaumMapExampleUITests/Info.plist;
				LD_RUNPATH_SEARCH_PATHS = "$(inherited) @executable_path/Frameworks @loader_path/Frameworks";
				PRODUCT_BUNDLE_IDENTIFIER = com.amanida.DaumMapExampleUITests;
				PRODUCT_NAME = "$(TARGET_NAME)";
				SWIFT_VERSION = 3.0;
				TEST_TARGET_NAME = DaumMapExample;
			};
			name = Release;
		};
/* End XCBuildConfiguration section */

/* Begin XCConfigurationList section */
		3C36EF591DE5BF7200B3F1B4 /* Build configuration list for PBXProject "DaumMapExample" */ = {
			isa = XCConfigurationList;
			buildConfigurations = (
				3C36EF841DE5BF7300B3F1B4 /* Debug */,
				3C36EF851DE5BF7300B3F1B4 /* Release */,
			);
			defaultConfigurationIsVisible = 0;
			defaultConfigurationName = Release;
		};
		3C36EF861DE5BF7300B3F1B4 /* Build configuration list for PBXNativeTarget "DaumMapExample" */ = {
			isa = XCConfigurationList;
			buildConfigurations = (
				3C36EF871DE5BF7300B3F1B4 /* Debug */,
				3C36EF881DE5BF7300B3F1B4 /* Release */,
			);
			defaultConfigurationIsVisible = 0;
			defaultConfigurationName = Release;
		};
		3C36EF891DE5BF7300B3F1B4 /* Build configuration list for PBXNativeTarget "DaumMapExampleTests" */ = {
			isa = XCConfigurationList;
			buildConfigurations = (
				3C36EF8A1DE5BF7300B3F1B4 /* Debug */,
				3C36EF8B1DE5BF7300B3F1B4 /* Release */,
			);
			defaultConfigurationIsVisible = 0;
			defaultConfigurationName = Release;
		};
		3C36EF8C1DE5BF7300B3F1B4 /* Build configuration list for PBXNativeTarget "DaumMapExampleUITests" */ = {
			isa = XCConfigurationList;
			buildConfigurations = (
				3C36EF8D1DE5BF7300B3F1B4 /* Debug */,
				3C36EF8E1DE5BF7300B3F1B4 /* Release */,
			);
			defaultConfigurationIsVisible = 0;
			defaultConfigurationName = Release;
		};
/* End XCConfigurationList section */
	};
	rootObject = 3C36EF561DE5BF7200B3F1B4 /* Project object */;
}
